// !$*UTF8*$!
{
	archiveVersion = 1;
	classes = {
	};
	objectVersion = 50;
	objects = {

/* Begin PBXBuildFile section */
		588F539CD948AD6A6B367FF6 /* Pods_GithubJSON.framework in Frameworks */ = {isa = PBXBuildFile; fileRef = 14C288D742A47C6563D2C468 /* Pods_GithubJSON.framework */; };
		DF898DB3228EC8EC00E9DA30 /* VaccinationTVC.swift in Sources */ = {isa = PBXBuildFile; fileRef = DF898DB2228EC8EC00E9DA30 /* VaccinationTVC.swift */; };
		DFE494C8228E8F1600989BA1 /* AppDelegate.swift in Sources */ = {isa = PBXBuildFile; fileRef = DFE494C7228E8F1600989BA1 /* AppDelegate.swift */; };
		DFE494CA228E8F1600989BA1 /* ViewController.swift in Sources */ = {isa = PBXBuildFile; fileRef = DFE494C9228E8F1600989BA1 /* ViewController.swift */; };
		DFE494CD228E8F1600989BA1 /* Main.storyboard in Resources */ = {isa = PBXBuildFile; fileRef = DFE494CB228E8F1600989BA1 /* Main.storyboard */; };
		DFE494CF228E8F1700989BA1 /* Assets.xcassets in Resources */ = {isa = PBXBuildFile; fileRef = DFE494CE228E8F1700989BA1 /* Assets.xcassets */; };
		DFE494D2228E8F1700989BA1 /* LaunchScreen.storyboard in Resources */ = {isa = PBXBuildFile; fileRef = DFE494D0228E8F1700989BA1 /* LaunchScreen.storyboard */; };
		DFE494DA228E94BB00989BA1 /* gitData.swift in Sources */ = {isa = PBXBuildFile; fileRef = DFE494D9228E94BB00989BA1 /* gitData.swift */; };
/* End PBXBuildFile section */

/* Begin PBXFileReference section */
		14C288D742A47C6563D2C468 /* Pods_GithubJSON.framework */ = {isa = PBXFileReference; explicitFileType = wrapper.framework; includeInIndex = 0; path = Pods_GithubJSON.framework; sourceTree = BUILT_PRODUCTS_DIR; };
		35F2438781D3440477A499DB /* Pods-GithubJSON.debug.xcconfig */ = {isa = PBXFileReference; includeInIndex = 1; lastKnownFileType = text.xcconfig; name = "Pods-GithubJSON.debug.xcconfig"; path = "Target Support Files/Pods-GithubJSON/Pods-GithubJSON.debug.xcconfig"; sourceTree = "<group>"; };
		8C03A7DFE0B7290169335CE2 /* Pods-GithubJSON.release.xcconfig */ = {isa = PBXFileReference; includeInIndex = 1; lastKnownFileType = text.xcconfig; name = "Pods-GithubJSON.release.xcconfig"; path = "Target Support Files/Pods-GithubJSON/Pods-GithubJSON.release.xcconfig"; sourceTree = "<group>"; };
		DF898DB2228EC8EC00E9DA30 /* VaccinationTVC.swift */ = {isa = PBXFileReference; fileEncoding = 4; lastKnownFileType = sourcecode.swift; path = VaccinationTVC.swift; sourceTree = "<group>"; };
		DFE494C4228E8F1600989BA1 /* GithubJSON.app */ = {isa = PBXFileReference; explicitFileType = wrapper.application; includeInIndex = 0; path = GithubJSON.app; sourceTree = BUILT_PRODUCTS_DIR; };
		DFE494C7228E8F1600989BA1 /* AppDelegate.swift */ = {isa = PBXFileReference; lastKnownFileType = sourcecode.swift; path = AppDelegate.swift; sourceTree = "<group>"; };
		DFE494C9228E8F1600989BA1 /* ViewController.swift */ = {isa = PBXFileReference; lastKnownFileType = sourcecode.swift; path = ViewController.swift; sourceTree = "<group>"; };
		DFE494CC228E8F1600989BA1 /* Base */ = {isa = PBXFileReference; lastKnownFileType = file.storyboard; name = Base; path = Base.lproj/Main.storyboard; sourceTree = "<group>"; };
		DFE494CE228E8F1700989BA1 /* Assets.xcassets */ = {isa = PBXFileReference; lastKnownFileType = folder.assetcatalog; path = Assets.xcassets; sourceTree = "<group>"; };
		DFE494D1228E8F1700989BA1 /* Base */ = {isa = PBXFileReference; lastKnownFileType = file.storyboard; name = Base; path = Base.lproj/LaunchScreen.storyboard; sourceTree = "<group>"; };
		DFE494D3228E8F1700989BA1 /* Info.plist */ = {isa = PBXFileReference; lastKnownFileType = text.plist.xml; path = Info.plist; sourceTree = "<group>"; };
		DFE494D9228E94BB00989BA1 /* gitData.swift */ = {isa = PBXFileReference; lastKnownFileType = sourcecode.swift; path = gitData.swift; sourceTree = "<group>"; };
/* End PBXFileReference section */

/* Begin PBXFrameworksBuildPhase section */
		DFE494C1228E8F1600989BA1 /* Frameworks */ = {
			isa = PBXFrameworksBuildPhase;
			buildActionMask = 2147483647;
			files = (
				588F539CD948AD6A6B367FF6 /* Pods_GithubJSON.framework in Frameworks */,
			);
			runOnlyForDeploymentPostprocessing = 0;
		};
/* End PBXFrameworksBuildPhase section */

/* Begin PBXGroup section */
		3970A18C6FB22862E3301033 /* Frameworks */ = {
			isa = PBXGroup;
			children = (
				14C288D742A47C6563D2C468 /* Pods_GithubJSON.framework */,
			);
			name = Frameworks;
			sourceTree = "<group>";
		};
		6050408EE34AF2A7C85F7F42 /* Pods */ = {
			isa = PBXGroup;
			children = (
				35F2438781D3440477A499DB /* Pods-GithubJSON.debug.xcconfig */,
				8C03A7DFE0B7290169335CE2 /* Pods-GithubJSON.release.xcconfig */,
			);
			path = Pods;
			sourceTree = "<group>";
		};
		DFE494BB228E8F1600989BA1 = {
			isa = PBXGroup;
			children = (
				DFE494C6228E8F1600989BA1 /* GithubJSON */,
				DFE494C5228E8F1600989BA1 /* Products */,
				6050408EE34AF2A7C85F7F42 /* Pods */,
				3970A18C6FB22862E3301033 /* Frameworks */,
			);
			sourceTree = "<group>";
		};
		DFE494C5228E8F1600989BA1 /* Products */ = {
			isa = PBXGroup;
			children = (
				DFE494C4228E8F1600989BA1 /* GithubJSON.app */,
			);
			name = Products;
			sourceTree = "<group>";
		};
		DFE494C6228E8F1600989BA1 /* GithubJSON */ = {
			isa = PBXGroup;
			children = (
				DFE494C7228E8F1600989BA1 /* AppDelegate.swift */,
				DFE494D9228E94BB00989BA1 /* gitData.swift */,
				DF898DB2228EC8EC00E9DA30 /* VaccinationTVC.swift */,
				DFE494C9228E8F1600989BA1 /* ViewController.swift */,
				DFE494CB228E8F1600989BA1 /* Main.storyboard */,
				DFE494CE228E8F1700989BA1 /* Assets.xcassets */,
				DFE494D0228E8F1700989BA1 /* LaunchScreen.storyboard */,
				DFE494D3228E8F1700989BA1 /* Info.plist */,
			);
			path = GithubJSON;
			sourceTree = "<group>";
		};
/* End PBXGroup section */

/* Begin PBXNativeTarget section */
		DFE494C3228E8F1600989BA1 /* GithubJSON */ = {
			isa = PBXNativeTarget;
			buildConfigurationList = DFE494D6228E8F1700989BA1 /* Build configuration list for PBXNativeTarget "GithubJSON" */;
			buildPhases = (
				01B709D54D8A8C493B393B44 /* [CP] Check Pods Manifest.lock */,
				DFE494C0228E8F1600989BA1 /* Sources */,
				DFE494C1228E8F1600989BA1 /* Frameworks */,
				DFE494C2228E8F1600989BA1 /* Resources */,
				3A43C63D3F10A9416676EE12 /* [CP] Embed Pods Frameworks */,
			);
			buildRules = (
			);
			dependencies = (
			);
			name = GithubJSON;
			productName = GithubJSON;
			productReference = DFE494C4228E8F1600989BA1 /* GithubJSON.app */;
			productType = "com.apple.product-type.application";
		};
/* End PBXNativeTarget section */

/* Begin PBXProject section */
		DFE494BC228E8F1600989BA1 /* Project object */ = {
			isa = PBXProject;
			attributes = {
				LastSwiftUpdateCheck = 1020;
				LastUpgradeCheck = 1020;
				ORGANIZATIONNAME = Naeem;
				TargetAttributes = {
					DFE494C3228E8F1600989BA1 = {
						CreatedOnToolsVersion = 10.2.1;
					};
				};
			};
			buildConfigurationList = DFE494BF228E8F1600989BA1 /* Build configuration list for PBXProject "GithubJSON" */;
			compatibilityVersion = "Xcode 9.3";
			developmentRegion = en;
			hasScannedForEncodings = 0;
			knownRegions = (
				en,
				Base,
			);
			mainGroup = DFE494BB228E8F1600989BA1;
			productRefGroup = DFE494C5228E8F1600989BA1 /* Products */;
			projectDirPath = "";
			projectRoot = "";
			targets = (
				DFE494C3228E8F1600989BA1 /* GithubJSON */,
			);
		};
/* End PBXProject section */

/* Begin PBXResourcesBuildPhase section */
		DFE494C2228E8F1600989BA1 /* Resources */ = {
			isa = PBXResourcesBuildPhase;
			buildActionMask = 2147483647;
			files = (
				DFE494D2228E8F1700989BA1 /* LaunchScreen.storyboard in Resources */,
				DFE494CF228E8F1700989BA1 /* Assets.xcassets in Resources */,
				DFE494CD228E8F1600989BA1 /* Main.storyboard in Resources */,
			);
			runOnlyForDeploymentPostprocessing = 0;
		};
/* End PBXResourcesBuildPhase section */

/* Begin PBXShellScriptBuildPhase section */
		01B709D54D8A8C493B393B44 /* [CP] Check Pods Manifest.lock */ = {
			isa = PBXShellScriptBuildPhase;
			buildActionMask = 2147483647;
			files = (
			);
			inputFileListPaths = (
			);
			inputPaths = (
				"${PODS_PODFILE_DIR_PATH}/Podfile.lock",
				"${PODS_ROOT}/Manifest.lock",
			);
			name = "[CP] Check Pods Manifest.lock";
			outputFileListPaths = (
			);
			outputPaths = (
				"$(DERIVED_FILE_DIR)/Pods-GithubJSON-checkManifestLockResult.txt",
			);
			runOnlyForDeploymentPostprocessing = 0;
			shellPath = /bin/sh;
			shellScript = "diff \"${PODS_PODFILE_DIR_PATH}/Podfile.lock\" \"${PODS_ROOT}/Manifest.lock\" > /dev/null\nif [ $? != 0 ] ; then\n    # print error to STDERR\n    echo \"error: The sandbox is not in sync with the Podfile.lock. Run 'pod install' or update your CocoaPods installation.\" >&2\n    exit 1\nfi\n# This output is used by Xcode 'outputs' to avoid re-running this script phase.\necho \"SUCCESS\" > \"${SCRIPT_OUTPUT_FILE_0}\"\n";
			showEnvVarsInLog = 0;
		};
		3A43C63D3F10A9416676EE12 /* [CP] Embed Pods Frameworks */ = {
			isa = PBXShellScriptBuildPhase;
			buildActionMask = 2147483647;
			files = (
			);
			inputFileListPaths = (
			);
			inputPaths = (
				"${PODS_ROOT}/Target Support Files/Pods-GithubJSON/Pods-GithubJSON-frameworks.sh",
				"${BUILT_PRODUCTS_DIR}/Alamofire/Alamofire.framework",
				"${BUILT_PRODUCTS_DIR}/SwiftyJSON/SwiftyJSON.framework",
			);
			name = "[CP] Embed Pods Frameworks";
			outputFileListPaths = (
			);
			outputPaths = (
				"${TARGET_BUILD_DIR}/${FRAMEWORKS_FOLDER_PATH}/Alamofire.framework",
				"${TARGET_BUILD_DIR}/${FRAMEWORKS_FOLDER_PATH}/SwiftyJSON.framework",
			);
			runOnlyForDeploymentPostprocessing = 0;
			shellPath = /bin/sh;
			shellScript = "\"${PODS_ROOT}/Target Support Files/Pods-GithubJSON/Pods-GithubJSON-frameworks.sh\"\n";
			showEnvVarsInLog = 0;
		};
/* End PBXShellScriptBuildPhase section */

/* Begin PBXSourcesBuildPhase section */
		DFE494C0228E8F1600989BA1 /* Sources */ = {
			isa = PBXSourcesBuildPhase;
			buildActionMask = 2147483647;
			files = (
				DFE494DA228E94BB00989BA1 /* gitData.swift in Sources */,
				DFE494CA228E8F1600989BA1 /* ViewController.swift in Sources */,
				DFE494C8228E8F1600989BA1 /* AppDelegate.swift in Sources */,
				DF898DB3228EC8EC00E9DA30 /* VaccinationTVC.swift in Sources */,
			);
			runOnlyForDeploymentPostprocessing = 0;
		};
/* End PBXSourcesBuildPhase section */

/* Begin PBXVariantGroup section */
		DFE494CB228E8F1600989BA1 /* Main.storyboard */ = {
			isa = PBXVariantGroup;
			children = (
				DFE494CC228E8F1600989BA1 /* Base */,
			);
			name = Main.storyboard;
			sourceTree = "<group>";
		};
		DFE494D0228E8F1700989BA1 /* LaunchScreen.storyboard */ = {
			isa = PBXVariantGroup;
			children = (
				DFE494D1228E8F1700989BA1 /* Base */,
			);
			name = LaunchScreen.storyboard;
			sourceTree = "<group>";
		};
/* End PBXVariantGroup section */

/* Begin XCBuildConfiguration section */
		DFE494D4228E8F1700989BA1 /* Debug */ = {
			isa = XCBuildConfiguration;
			buildSettings = {
				ALWAYS_SEARCH_USER_PATHS = NO;
				CLANG_ANALYZER_NONNULL = YES;
				CLANG_ANALYZER_NUMBER_OBJECT_CONVERSION = YES_AGGRESSIVE;
				CLANG_CXX_LANGUAGE_STANDARD = "gnu++14";
				CLANG_CXX_LIBRARY = "libc++";
				CLANG_ENABLE_MODULES = YES;
				CLANG_ENABLE_OBJC_ARC = YES;
				CLANG_ENABLE_OBJC_WEAK = YES;
				CLANG_WARN_BLOCK_CAPTURE_AUTORELEASING = YES;
				CLANG_WARN_BOOL_CONVERSION = YES;
				CLANG_WARN_COMMA = YES;
				CLANG_WARN_CONSTANT_CONVERSION = YES;
				CLANG_WARN_DEPRECATED_OBJC_IMPLEMENTATIONS = YES;
				CLANG_WARN_DIRECT_OBJC_ISA_USAGE = YES_ERROR;
				CLANG_WARN_DOCUMENTATION_COMMENTS = YES;
				CLANG_WARN_EMPTY_BODY = YES;
				CLANG_WARN_ENUM_CONVERSION = YES;
				CLANG_WARN_INFINITE_RECURSION = YES;
				CLANG_WARN_INT_CONVERSION = YES;
				CLANG_WARN_NON_LITERAL_NULL_CONVERSION = YES;
				CLANG_WARN_OBJC_IMPLICIT_RETAIN_SELF = YES;
				CLANG_WARN_OBJC_LITERAL_CONVERSION = YES;
				CLANG_WARN_OBJC_ROOT_CLASS = YES_ERROR;
				CLANG_WARN_RANGE_LOOP_ANALYSIS = YES;
				CLANG_WARN_STRICT_PROTOTYPES = YES;
				CLANG_WARN_SUSPICIOUS_MOVE = YES;
				CLANG_WARN_UNGUARDED_AVAILABILITY = YES_AGGRESSIVE;
				CLANG_WARN_UNREACHABLE_CODE = YES;
				CLANG_WARN__DUPLICATE_METHOD_MATCH = YES;
				CODE_SIGN_IDENTITY = "iPhone Developer";
				COPY_PHASE_STRIP = NO;
				DEBUG_INFORMATION_FORMAT = dwarf;
				ENABLE_STRICT_OBJC_MSGSEND = YES;
				ENABLE_TESTABILITY = YES;
				GCC_C_LANGUAGE_STANDARD = gnu11;
				GCC_DYNAMIC_NO_PIC = NO;
				GCC_NO_COMMON_BLOCKS = YES;
				GCC_OPTIMIZATION_LEVEL = 0;
				GCC_PREPROCESSOR_DEFINITIONS = (
					"DEBUG=1",
					"$(inherited)",
				);
				GCC_WARN_64_TO_32_BIT_CONVERSION = YES;
				GCC_WARN_ABOUT_RETURN_TYPE = YES_ERROR;
				GCC_WARN_UNDECLARED_SELECTOR = YES;
				GCC_WARN_UNINITIALIZED_AUTOS = YES_AGGRESSIVE;
				GCC_WARN_UNUSED_FUNCTION = YES;
				GCC_WARN_UNUSED_VARIABLE = YES;
				IPHONEOS_DEPLOYMENT_TARGET = 12.2;
				MTL_ENABLE_DEBUG_INFO = INCLUDE_SOURCE;
				MTL_FAST_MATH = YES;
				ONLY_ACTIVE_ARCH = YES;
				SDKROOT = iphoneos;
				SWIFT_ACTIVE_COMPILATION_CONDITIONS = DEBUG;
				SWIFT_OPTIMIZATION_LEVEL = "-Onone";
			};
			name = Debug;
		};
		DFE494D5228E8F1700989BA1 /* Release */ = {
			isa = XCBuildConfiguration;
			buildSettings = {
				ALWAYS_SEARCH_USER_PATHS = NO;
				CLANG_ANALYZER_NONNULL = YES;
				CLANG_ANALYZER_NUMBER_OBJECT_CONVERSION = YES_AGGRESSIVE;
				CLANG_CXX_LANGUAGE_STANDARD = "gnu++14";
				CLANG_CXX_LIBRARY = "libc++";
				CLANG_ENABLE_MODULES = YES;
				CLANG_ENABLE_OBJC_ARC = YES;
				CLANG_ENABLE_OBJC_WEAK = YES;
				CLANG_WARN_BLOCK_CAPTURE_AUTORELEASING = YES;
				CLANG_WARN_BOOL_CONVERSION = YES;
				CLANG_WARN_COMMA = YES;
				CLANG_WARN_CONSTANT_CONVERSION = YES;
				CLANG_WARN_DEPRECATED_OBJC_IMPLEMENTATIONS = YES;
				CLANG_WARN_DIRECT_OBJC_ISA_USAGE = YES_ERROR;
				CLANG_WARN_DOCUMENTATION_COMMENTS = YES;
				CLANG_WARN_EMPTY_BODY = YES;
				CLANG_WARN_ENUM_CONVERSION = YES;
				CLANG_WARN_INFINITE_RECURSION = YES;
				CLANG_WARN_INT_CONVERSION = YES;
				CLANG_WARN_NON_LITERAL_NULL_CONVERSION = YES;
				CLANG_WARN_OBJC_IMPLICIT_RETAIN_SELF = YES;
				CLANG_WARN_OBJC_LITERAL_CONVERSION = YES;
				CLANG_WARN_OBJC_ROOT_CLASS = YES_ERROR;
				CLANG_WARN_RANGE_LOOP_ANALYSIS = YES;
				CLANG_WARN_STRICT_PROTOTYPES = YES;
				CLANG_WARN_SUSPICIOUS_MOVE = YES;
				CLANG_WARN_UNGUARDED_AVAILABILITY = YES_AGGRESSIVE;
				CLANG_WARN_UNREACHABLE_CODE = YES;
				CLANG_WARN__DUPLICATE_METHOD_MATCH = YES;
				CODE_SIGN_IDENTITY = "iPhone Developer";
				COPY_PHASE_STRIP = NO;
				DEBUG_INFORMATION_FORMAT = "dwarf-with-dsym";
				ENABLE_NS_ASSERTIONS = NO;
				ENABLE_STRICT_OBJC_MSGSEND = YES;
				GCC_C_LANGUAGE_STANDARD = gnu11;
				GCC_NO_COMMON_BLOCKS = YES;
				GCC_WARN_64_TO_32_BIT_CONVERSION = YES;
				GCC_WARN_ABOUT_RETURN_TYPE = YES_ERROR;
				GCC_WARN_UNDECLARED_SELECTOR = YES;
				GCC_WARN_UNINITIALIZED_AUTOS = YES_AGGRESSIVE;
				GCC_WARN_UNUSED_FUNCTION = YES;
				GCC_WARN_UNUSED_VARIABLE = YES;
				IPHONEOS_DEPLOYMENT_TARGET = 12.2;
				MTL_ENABLE_DEBUG_INFO = NO;
				MTL_FAST_MATH = YES;
				SDKROOT = iphoneos;
				SWIFT_COMPILATION_MODE = wholemodule;
				SWIFT_OPTIMIZATION_LEVEL = "-O";
				VALIDATE_PRODUCT = YES;
			};
			name = Release;
		};
		DFE494D7228E8F1700989BA1 /* Debug */ = {
			isa = XCBuildConfiguration;
			baseConfigurationReference = 35F2438781D3440477A499DB /* Pods-GithubJSON.debug.xcconfig */;
			buildSettings = {
				ASSETCATALOG_COMPILER_APPICON_NAME = AppIcon;
				CODE_SIGN_STYLE = Automatic;
				DEVELOPMENT_TEAM = 9B2YUSSJZH;
				INFOPLIST_FILE = GithubJSON/Info.plist;
				LD_RUNPATH_SEARCH_PATHS = (
					"$(inherited)",
					"@executable_path/Frameworks",
				);
				PRODUCT_BUNDLE_IDENTIFIER = co.mna.GithubJSON;
				PRODUCT_NAME = "$(TARGET_NAME)";
				SWIFT_VERSION = 5.0;
				TARGETED_DEVICE_FAMILY = "1,2";
			};
			name = Debug;
		};
		DFE494D8228E8F1700989BA1 /* Release */ = {
			isa = XCBuildConfiguration;
			baseConfigurationReference = 8C03A7DFE0B7290169335CE2 /* Pods-GithubJSON.release.xcconfig */;
			buildSettings = {
				ASSETCATALOG_COMPILER_APPICON_NAME = AppIcon;
				CODE_SIGN_STYLE = Automatic;
				DEVELOPMENT_TEAM = 9B2YUSSJZH;
				INFOPLIST_FILE = GithubJSON/Info.plist;
				LD_RUNPATH_SEARCH_PATHS = (
					"$(inherited)",
					"@executable_path/Frameworks",
				);
				PRODUCT_BUNDLE_IDENTIFIER = co.mna.GithubJSON;
				PRODUCT_NAME = "$(TARGET_NAME)";
				SWIFT_VERSION = 5.0;
				TARGETED_DEVICE_FAMILY = "1,2";
			};
			name = Release;
		};
/* End XCBuildConfiguration section */

/* Begin XCConfigurationList section */
		DFE494BF228E8F1600989BA1 /* Build configuration list for PBXProject "GithubJSON" */ = {
			isa = XCConfigurationList;
			buildConfigurations = (
				DFE494D4228E8F1700989BA1 /* Debug */,
				DFE494D5228E8F1700989BA1 /* Release */,
			);
			defaultConfigurationIsVisible = 0;
			defaultConfigurationName = Release;
		};
		DFE494D6228E8F1700989BA1 /* Build configuration list for PBXNativeTarget "GithubJSON" */ = {
			isa = XCConfigurationList;
			buildConfigurations = (
				DFE494D7228E8F1700989BA1 /* Debug */,
				DFE494D8228E8F1700989BA1 /* Release */,
			);
			defaultConfigurationIsVisible = 0;
			defaultConfigurationName = Release;
		};
/* End XCConfigurationList section */
	};
	rootObject = DFE494BC228E8F1600989BA1 /* Project object */;
}
